# THIS IS AN AUTOGENERATED FILE. DO NOT EDIT THIS FILE DIRECTLY.
# yarn lockfile v1


jwt-decode@^3.1.2:
  version "3.1.2"
  resolved "https://registry.yarnpkg.com/jwt-decode/-/jwt-decode-3.1.2.tgz#3fb319f3675a2df0c2895c8f5e9fa4b67b04ed59"
  integrity sha512-UfpWE/VZn0iP50d8cz9NrZLM9lSWhcJ+0Gt/nm4by88UL+J1SiKN8/5dkjMmbEzwL2CAe+67GsegCbIKtbp75A==

react-hook-form@^7.3.4:
  version "7.3.4"
  resolved "https://registry.yarnpkg.com/react-hook-form/-/react-hook-form-7.3.4.tgz#6a246cea3ff8669168a56dd166b462d28aa2f076"
  integrity sha512-xreG3NHFlbKFrN1Fs+rZUT5RN9zkx4qn0vyY+6tO1xNfhOkfgwkTYU1/PkktYsWw6GerMw16vX5CPdIZVfyB1A==
